
Microsoft Visual Studio Solution File, Format Version 12.00
# Visual Studio Version 17
VisualStudioVersion = 17.14.36203.30
MinimumVisualStudioVersion = 10.0.40219.1
Project("{FAE04EC0-301F-11D3-BF4B-00C04F79EFBC}") = "AshwellForge.Server", "AshwellForge.Server\AshwellForge.Server.csproj", "{552CE37D-5312-4795-9BF5-C7CF37FD1CAE}"
EndProject
Project("{FAE04EC0-301F-11D3-BF4B-00C04F79EFBC}") = "AshwellForge.Mechanism", "AshwellForge.Mechanism\AshwellForge.Mechanism.csproj", "{CA77EEB4-ACF2-47AC-AE92-645895304E3A}"
EndProject
Project("{FAE04EC0-301F-11D3-BF4B-00C04F79EFBC}") = "AshwellForge.Admin", "AshwellForge.Admin\AshwellForge.Admin.csproj", "{F9BCF30F-7B78-41E1-9F64-75885A9DD5CF}"
EndProject
Project("{FAE04EC0-301F-11D3-BF4B-00C04F79EFBC}") = "AshwellForge.Core", "AshwellForge.Core\AshwellForge.Core.csproj", "{4775A23D-49B8-4E46-85C9-978577FEC3D4}"
EndProject
Project("{FAE04EC0-301F-11D3-BF4B-00C04F79EFBC}") = "AshwellForge.Delivery", "AshwellForge.Delivery\AshwellForge.Delivery.csproj", "{E46B3E53-8CBD-4DA2-B536-298EACA64369}"
EndProject
Project("{FAE04EC0-301F-11D3-BF4B-00C04F79EFBC}") = "AshwellForge.Peripheral", "AshwellForge.Peripheral\AshwellForge.Peripheral.csproj", "{32745DC9-50E4-4EE3-9B4F-3EFF4CC1F8F7}"
EndProject
Global
	GlobalSection(SolutionConfigurationPlatforms) = preSolution
		Debug|Any CPU = Debug|Any CPU
		Release|Any CPU = Release|Any CPU
	EndGlobalSection
	GlobalSection(ProjectConfigurationPlatforms) = postSolution
		{552CE37D-5312-4795-9BF5-C7CF37FD1CAE}.Debug|Any CPU.ActiveCfg = Debug|Any CPU
		{552CE37D-5312-4795-9BF5-C7CF37FD1CAE}.Debug|Any CPU.Build.0 = Debug|Any CPU
		{552CE37D-5312-4795-9BF5-C7CF37FD1CAE}.Release|Any CPU.ActiveCfg = Release|Any CPU
		{552CE37D-5312-4795-9BF5-C7CF37FD1CAE}.Release|Any CPU.Build.0 = Release|Any CPU
		{CA77EEB4-ACF2-47AC-AE92-645895304E3A}.Debug|Any CPU.ActiveCfg = Debug|Any CPU
		{CA77EEB4-ACF2-47AC-AE92-645895304E3A}.Debug|Any CPU.Build.0 = Debug|Any CPU
		{CA77EEB4-ACF2-47AC-AE92-645895304E3A}.Release|Any CPU.ActiveCfg = Release|Any CPU
		{CA77EEB4-ACF2-47AC-AE92-645895304E3A}.Release|Any CPU.Build.0 = Release|Any CPU
		{F9BCF30F-7B78-41E1-9F64-75885A9DD5CF}.Debug|Any CPU.ActiveCfg = Debug|Any CPU
		{F9BCF30F-7B78-41E1-9F64-75885A9DD5CF}.Debug|Any CPU.Build.0 = Debug|Any CPU
		{F9BCF30F-7B78-41E1-9F64-75885A9DD5CF}.Release|Any CPU.ActiveCfg = Release|Any CPU
		{F9BCF30F-7B78-41E1-9F64-75885A9DD5CF}.Release|Any CPU.Build.0 = Release|Any CPU
		{4775A23D-49B8-4E46-85C9-978577FEC3D4}.Debug|Any CPU.ActiveCfg = Debug|Any CPU
		{4775A23D-49B8-4E46-85C9-978577FEC3D4}.Debug|Any CPU.Build.0 = Debug|Any CPU
		{4775A23D-49B8-4E46-85C9-978577FEC3D4}.Release|Any CPU.ActiveCfg = Release|Any CPU
		{4775A23D-49B8-4E46-85C9-978577FEC3D4}.Release|Any CPU.Build.0 = Release|Any CPU
		{E46B3E53-8CBD-4DA2-B536-298EACA64369}.Debug|Any CPU.ActiveCfg = Debug|Any CPU
		{E46B3E53-8CBD-4DA2-B536-298EACA64369}.Debug|Any CPU.Build.0 = Debug|Any CPU
		{E46B3E53-8CBD-4DA2-B536-298EACA64369}.Release|Any CPU.ActiveCfg = Release|Any CPU
		{E46B3E53-8CBD-4DA2-B536-298EACA64369}.Release|Any CPU.Build.0 = Release|Any CPU
		{32745DC9-50E4-4EE3-9B4F-3EFF4CC1F8F7}.Debug|Any CPU.ActiveCfg = Debug|Any CPU
		{32745DC9-50E4-4EE3-9B4F-3EFF4CC1F8F7}.Debug|Any CPU.Build.0 = Debug|Any CPU
		{32745DC9-50E4-4EE3-9B4F-3EFF4CC1F8F7}.Release|Any CPU.ActiveCfg = Release|Any CPU
		{32745DC9-50E4-4EE3-9B4F-3EFF4CC1F8F7}.Release|Any CPU.Build.0 = Release|Any CPU
	EndGlobalSection
	GlobalSection(SolutionProperties) = preSolution
		HideSolutionNode = FALSE
	EndGlobalSection
	GlobalSection(ExtensibilityGlobals) = postSolution
		SolutionGuid = {47462D5A-FC0F-4C80-A3C7-871F78FDC9A5}
	EndGlobalSection
EndGlobal
